Microsoft Visual Studio Solution File, Format Version 11.00
# Visual Studio 2008

Project("{20265AC7-6A44-1BDE-583E-C6C85A710225}") = "Alpha_test_MGO2D", "Assembly-CSharp-firstpass.csproj", "{17420195-4B7E-0554-8CD2-78163D841BD0}"
EndProject
Project("{20265AC7-6A44-1BDE-583E-C6C85A710225}") = "Alpha_test_MGO2D", "Assembly-CSharp.csproj", "{2B007768-A265-4BB7-75BA-AE3077C31F4F}"
EndProject
Project("{20265AC7-6A44-1BDE-583E-C6C85A710225}") = "Alpha_test_MGO2D", "Assembly-CSharp-Editor.csproj", "{136C3BE4-23D7-04A1-9FC7-7439C23FB4CC}"
EndProject
Project("{20265AC7-6A44-1BDE-583E-C6C85A710225}") = "Alpha_test_MGO2D", "Assembly-UnityScript-firstpass.unityproj", "{41BDF8EB-17E3-5E77-4C7C-FD116DE07C6F}"
EndProject
Global
	GlobalSection(SolutionConfigurationPlatforms) = preSolution
		Debug|Any CPU = Debug|Any CPU
		Release|Any CPU = Release|Any CPU
	EndGlobalSection
	GlobalSection(ProjectConfigurationPlatforms) = postSolution
		{17420195-4B7E-0554-8CD2-78163D841BD0}.Debug|Any CPU.ActiveCfg = Debug|Any CPU
		{17420195-4B7E-0554-8CD2-78163D841BD0}.Debug|Any CPU.Build.0 = Debug|Any CPU
		{17420195-4B7E-0554-8CD2-78163D841BD0}.Release|Any CPU.ActiveCfg = Release|Any CPU
		{17420195-4B7E-0554-8CD2-78163D841BD0}.Release|Any CPU.Build.0 = Release|Any CPU
		{2B007768-A265-4BB7-75BA-AE3077C31F4F}.Debug|Any CPU.ActiveCfg = Debug|Any CPU
		{2B007768-A265-4BB7-75BA-AE3077C31F4F}.Debug|Any CPU.Build.0 = Debug|Any CPU
		{2B007768-A265-4BB7-75BA-AE3077C31F4F}.Release|Any CPU.ActiveCfg = Release|Any CPU
		{2B007768-A265-4BB7-75BA-AE3077C31F4F}.Release|Any CPU.Build.0 = Release|Any CPU
		{136C3BE4-23D7-04A1-9FC7-7439C23FB4CC}.Debug|Any CPU.ActiveCfg = Debug|Any CPU
		{136C3BE4-23D7-04A1-9FC7-7439C23FB4CC}.Debug|Any CPU.Build.0 = Debug|Any CPU
		{136C3BE4-23D7-04A1-9FC7-7439C23FB4CC}.Release|Any CPU.ActiveCfg = Release|Any CPU
		{136C3BE4-23D7-04A1-9FC7-7439C23FB4CC}.Release|Any CPU.Build.0 = Release|Any CPU
		{41BDF8EB-17E3-5E77-4C7C-FD116DE07C6F}.Debug|Any CPU.ActiveCfg = Debug|Any CPU
		{41BDF8EB-17E3-5E77-4C7C-FD116DE07C6F}.Debug|Any CPU.Build.0 = Debug|Any CPU
		{41BDF8EB-17E3-5E77-4C7C-FD116DE07C6F}.Release|Any CPU.ActiveCfg = Release|Any CPU
		{41BDF8EB-17E3-5E77-4C7C-FD116DE07C6F}.Release|Any CPU.Build.0 = Release|Any CPU
	EndGlobalSection
	GlobalSection(SolutionProperties) = preSolution
		HideSolutionNode = FALSE
	EndGlobalSection
															GlobalSection(MonoDevelopProperties) = preSolution
		StartupItem = Assembly-CSharp.csproj
		Policies = $0
		$0.TextStylePolicy = $1
		$1.inheritsSet = null
		$1.scope = text/x-csharp
		$0.CSharpFormattingPolicy = $2
		$2.inheritsSet = Mono
		$2.inheritsScope = text/x-csharp
		$2.scope = text/x-csharp
		$0.TextStylePolicy = $3
		$3.FileWidth = 120
		$3.TabWidth = 4
		$3.EolMarker = Unix
		$3.inheritsSet = Mono
		$3.inheritsScope = text/plain
		$3.scope = text/plain
	EndGlobalSection

EndGlobal
